
Microsoft Visual Studio Solution File, Format Version 12.00
# Visual Studio Version 16
VisualStudioVersion = 16.0.31025.194
MinimumVisualStudioVersion = 10.0.40219.1
Project("{FAE04EC0-301F-11D3-BF4B-00C04F79EFBC}") = "MyChat", "MyChat\MyChat.csproj", "{020E6DF5-A1D4-4C3E-9DFF-2E2578996033}"
EndProject
Global
	GlobalSection(SolutionConfigurationPlatforms) = preSolution
		Debug|Any CPU = Debug|Any CPU
		Release|Any CPU = Release|Any CPU
	EndGlobalSection
	GlobalSection(ProjectConfigurationPlatforms) = postSolution
		{020E6DF5-A1D4-4C3E-9DFF-2E2578996033}.Debug|Any CPU.ActiveCfg = Debug|Any CPU
		{020E6DF5-A1D4-4C3E-9DFF-2E2578996033}.Debug|Any CPU.Build.0 = Debug|Any CPU
		{020E6DF5-A1D4-4C3E-9DFF-2E2578996033}.Release|Any CPU.ActiveCfg = Release|Any CPU
		{020E6DF5-A1D4-4C3E-9DFF-2E2578996033}.Release|Any CPU.Build.0 = Release|Any CPU
	EndGlobalSection
	GlobalSection(SolutionProperties) = preSolution
		HideSolutionNode = FALSE
	EndGlobalSection
	GlobalSection(ExtensibilityGlobals) = postSolution
		SolutionGuid = {38957F9C-20C2-494F-B5F2-4E6EDE4A4686}
	EndGlobalSection
EndGlobal
